// !$*UTF8*$!
{
	archiveVersion = 1;
	classes = {
	};
	objectVersion = 46;
	objects = {

/* Begin PBXBuildFile section */
		DEC8450D1A96F19B006FBC34 /* AppDelegate.swift in Sources */ = {isa = PBXBuildFile; fileRef = DEC8450C1A96F19B006FBC34 /* AppDelegate.swift */; };
		DEC845101A96F19B006FBC34 /* patterns.xcdatamodeld in Sources */ = {isa = PBXBuildFile; fileRef = DEC8450E1A96F19B006FBC34 /* patterns.xcdatamodeld */; };
		DEC845121A96F19B006FBC34 /* ViewController.swift in Sources */ = {isa = PBXBuildFile; fileRef = DEC845111A96F19B006FBC34 /* ViewController.swift */; };
		DEC845151A96F19B006FBC34 /* Main.storyboard in Resources */ = {isa = PBXBuildFile; fileRef = DEC845131A96F19B006FBC34 /* Main.storyboard */; };
		DEC845171A96F19B006FBC34 /* Images.xcassets in Resources */ = {isa = PBXBuildFile; fileRef = DEC845161A96F19B006FBC34 /* Images.xcassets */; };
		DEC8451A1A96F19B006FBC34 /* LaunchScreen.xib in Resources */ = {isa = PBXBuildFile; fileRef = DEC845181A96F19B006FBC34 /* LaunchScreen.xib */; };
		DEC845261A96F19C006FBC34 /* patternsTests.swift in Sources */ = {isa = PBXBuildFile; fileRef = DEC845251A96F19C006FBC34 /* patternsTests.swift */; };
/* End PBXBuildFile section */

/* Begin PBXContainerItemProxy section */
		DEC845201A96F19C006FBC34 /* PBXContainerItemProxy */ = {
			isa = PBXContainerItemProxy;
			containerPortal = DEC844FF1A96F19B006FBC34 /* Project object */;
			proxyType = 1;
			remoteGlobalIDString = DEC845061A96F19B006FBC34;
			remoteInfo = patterns;
		};
/* End PBXContainerItemProxy section */

/* Begin PBXFileReference section */
		DEC845071A96F19B006FBC34 /* patterns.app */ = {isa = PBXFileReference; explicitFileType = wrapper.application; includeInIndex = 0; path = patterns.app; sourceTree = BUILT_PRODUCTS_DIR; };
		DEC8450B1A96F19B006FBC34 /* Info.plist */ = {isa = PBXFileReference; lastKnownFileType = text.plist.xml; path = Info.plist; sourceTree = "<group>"; };
		DEC8450C1A96F19B006FBC34 /* AppDelegate.swift */ = {isa = PBXFileReference; lastKnownFileType = sourcecode.swift; path = AppDelegate.swift; sourceTree = "<group>"; };
		DEC8450F1A96F19B006FBC34 /* patterns.xcdatamodel */ = {isa = PBXFileReference; lastKnownFileType = wrapper.xcdatamodel; path = patterns.xcdatamodel; sourceTree = "<group>"; };
		DEC845111A96F19B006FBC34 /* ViewController.swift */ = {isa = PBXFileReference; lastKnownFileType = sourcecode.swift; path = ViewController.swift; sourceTree = "<group>"; };
		DEC845141A96F19B006FBC34 /* Base */ = {isa = PBXFileReference; lastKnownFileType = file.storyboard; name = Base; path = Base.lproj/Main.storyboard; sourceTree = "<group>"; };
		DEC845161A96F19B006FBC34 /* Images.xcassets */ = {isa = PBXFileReference; lastKnownFileType = folder.assetcatalog; path = Images.xcassets; sourceTree = "<group>"; };
		DEC845191A96F19B006FBC34 /* Base */ = {isa = PBXFileReference; lastKnownFileType = file.xib; name = Base; path = Base.lproj/LaunchScreen.xib; sourceTree = "<group>"; };
		DEC8451F1A96F19C006FBC34 /* patternsTests.xctest */ = {isa = PBXFileReference; explicitFileType = wrapper.cfbundle; includeInIndex = 0; path = patternsTests.xctest; sourceTree = BUILT_PRODUCTS_DIR; };
		DEC845241A96F19C006FBC34 /* Info.plist */ = {isa = PBXFileReference; lastKnownFileType = text.plist.xml; path = Info.plist; sourceTree = "<group>"; };
		DEC845251A96F19C006FBC34 /* patternsTests.swift */ = {isa = PBXFileReference; lastKnownFileType = sourcecode.swift; path = patternsTests.swift; sourceTree = "<group>"; };
/* End PBXFileReference section */

/* Begin PBXFrameworksBuildPhase section */
		DEC845041A96F19B006FBC34 /* Frameworks */ = {
			isa = PBXFrameworksBuildPhase;
			buildActionMask = 2147483647;
			files = (
			);
			runOnlyForDeploymentPostprocessing = 0;
		};
		DEC8451C1A96F19C006FBC34 /* Frameworks */ = {
			isa = PBXFrameworksBuildPhase;
			buildActionMask = 2147483647;
			files = (
			);
			runOnlyForDeploymentPostprocessing = 0;
		};
/* End PBXFrameworksBuildPhase section */

/* Begin PBXGroup section */
		DEC844FE1A96F19B006FBC34 = {
			isa = PBXGroup;
			children = (
				DEC845091A96F19B006FBC34 /* patterns */,
				DEC845221A96F19C006FBC34 /* patternsTests */,
				DEC845081A96F19B006FBC34 /* Products */,
			);
			sourceTree = "<group>";
		};
		DEC845081A96F19B006FBC34 /* Products */ = {
			isa = PBXGroup;
			children = (
				DEC845071A96F19B006FBC34 /* patterns.app */,
				DEC8451F1A96F19C006FBC34 /* patternsTests.xctest */,
			);
			name = Products;
			sourceTree = "<group>";
		};
		DEC845091A96F19B006FBC34 /* patterns */ = {
			isa = PBXGroup;
			children = (
				DEC8450C1A96F19B006FBC34 /* AppDelegate.swift */,
				DEC845111A96F19B006FBC34 /* ViewController.swift */,
				DEC845131A96F19B006FBC34 /* Main.storyboard */,
				DEC845161A96F19B006FBC34 /* Images.xcassets */,
				DEC845181A96F19B006FBC34 /* LaunchScreen.xib */,
				DEC8450E1A96F19B006FBC34 /* patterns.xcdatamodeld */,
				DEC8450A1A96F19B006FBC34 /* Supporting Files */,
			);
			path = patterns;
			sourceTree = "<group>";
		};
		DEC8450A1A96F19B006FBC34 /* Supporting Files */ = {
			isa = PBXGroup;
			children = (
				DEC8450B1A96F19B006FBC34 /* Info.plist */,
			);
			name = "Supporting Files";
			sourceTree = "<group>";
		};
		DEC845221A96F19C006FBC34 /* patternsTests */ = {
			isa = PBXGroup;
			children = (
				DEC845251A96F19C006FBC34 /* patternsTests.swift */,
				DEC845231A96F19C006FBC34 /* Supporting Files */,
			);
			path = patternsTests;
			sourceTree = "<group>";
		};
		DEC845231A96F19C006FBC34 /* Supporting Files */ = {
			isa = PBXGroup;
			children = (
				DEC845241A96F19C006FBC34 /* Info.plist */,
			);
			name = "Supporting Files";
			sourceTree = "<group>";
		};
/* End PBXGroup section */

/* Begin PBXNativeTarget section */
		DEC845061A96F19B006FBC34 /* patterns */ = {
			isa = PBXNativeTarget;
			buildConfigurationList = DEC845291A96F19C006FBC34 /* Build configuration list for PBXNativeTarget "patterns" */;
			buildPhases = (
				DEC845031A96F19B006FBC34 /* Sources */,
				DEC845041A96F19B006FBC34 /* Frameworks */,
				DEC845051A96F19B006FBC34 /* Resources */,
			);
			buildRules = (
			);
			dependencies = (
			);
			name = patterns;
			productName = patterns;
			productReference = DEC845071A96F19B006FBC34 /* patterns.app */;
			productType = "com.apple.product-type.application";
		};
		DEC8451E1A96F19C006FBC34 /* patternsTests */ = {
			isa = PBXNativeTarget;
			buildConfigurationList = DEC8452C1A96F19C006FBC34 /* Build configuration list for PBXNativeTarget "patternsTests" */;
			buildPhases = (
				DEC8451B1A96F19C006FBC34 /* Sources */,
				DEC8451C1A96F19C006FBC34 /* Frameworks */,
				DEC8451D1A96F19C006FBC34 /* Resources */,
			);
			buildRules = (
			);
			dependencies = (
				DEC845211A96F19C006FBC34 /* PBXTargetDependency */,
			);
			name = patternsTests;
			productName = patternsTests;
			productReference = DEC8451F1A96F19C006FBC34 /* patternsTests.xctest */;
			productType = "com.apple.product-type.bundle.unit-test";
		};
/* End PBXNativeTarget section */

/* Begin PBXProject section */
		DEC844FF1A96F19B006FBC34 /* Project object */ = {
			isa = PBXProject;
			attributes = {
				LastUpgradeCheck = 0600;
				ORGANIZATIONNAME = Merritte;
				TargetAttributes = {
					DEC845061A96F19B006FBC34 = {
						CreatedOnToolsVersion = 6.0;
					};
					DEC8451E1A96F19C006FBC34 = {
						CreatedOnToolsVersion = 6.0;
						TestTargetID = DEC845061A96F19B006FBC34;
					};
				};
			};
			buildConfigurationList = DEC845021A96F19B006FBC34 /* Build configuration list for PBXProject "patterns" */;
			compatibilityVersion = "Xcode 3.2";
			developmentRegion = English;
			hasScannedForEncodings = 0;
			knownRegions = (
				en,
				Base,
			);
			mainGroup = DEC844FE1A96F19B006FBC34;
			productRefGroup = DEC845081A96F19B006FBC34 /* Products */;
			projectDirPath = "";
			projectRoot = "";
			targets = (
				DEC845061A96F19B006FBC34 /* patterns */,
				DEC8451E1A96F19C006FBC34 /* patternsTests */,
			);
		};
/* End PBXProject section */

/* Begin PBXResourcesBuildPhase section */
		DEC845051A96F19B006FBC34 /* Resources */ = {
			isa = PBXResourcesBuildPhase;
			buildActionMask = 2147483647;
			files = (
				DEC845151A96F19B006FBC34 /* Main.storyboard in Resources */,
				DEC8451A1A96F19B006FBC34 /* LaunchScreen.xib in Resources */,
				DEC845171A96F19B006FBC34 /* Images.xcassets in Resources */,
			);
			runOnlyForDeploymentPostprocessing = 0;
		};
		DEC8451D1A96F19C006FBC34 /* Resources */ = {
			isa = PBXResourcesBuildPhase;
			buildActionMask = 2147483647;
			files = (
			);
			runOnlyForDeploymentPostprocessing = 0;
		};
/* End PBXResourcesBuildPhase section */

/* Begin PBXSourcesBuildPhase section */
		DEC845031A96F19B006FBC34 /* Sources */ = {
			isa = PBXSourcesBuildPhase;
			buildActionMask = 2147483647;
			files = (
				DEC845121A96F19B006FBC34 /* ViewController.swift in Sources */,
				DEC845101A96F19B006FBC34 /* patterns.xcdatamodeld in Sources */,
				DEC8450D1A96F19B006FBC34 /* AppDelegate.swift in Sources */,
			);
			runOnlyForDeploymentPostprocessing = 0;
		};
		DEC8451B1A96F19C006FBC34 /* Sources */ = {
			isa = PBXSourcesBuildPhase;
			buildActionMask = 2147483647;
			files = (
				DEC845261A96F19C006FBC34 /* patternsTests.swift in Sources */,
			);
			runOnlyForDeploymentPostprocessing = 0;
		};
/* End PBXSourcesBuildPhase section */

/* Begin PBXTargetDependency section */
		DEC845211A96F19C006FBC34 /* PBXTargetDependency */ = {
			isa = PBXTargetDependency;
			target = DEC845061A96F19B006FBC34 /* patterns */;
			targetProxy = DEC845201A96F19C006FBC34 /* PBXContainerItemProxy */;
		};
/* End PBXTargetDependency section */

/* Begin PBXVariantGroup section */
		DEC845131A96F19B006FBC34 /* Main.storyboard */ = {
			isa = PBXVariantGroup;
			children = (
				DEC845141A96F19B006FBC34 /* Base */,
			);
			name = Main.storyboard;
			sourceTree = "<group>";
		};
		DEC845181A96F19B006FBC34 /* LaunchScreen.xib */ = {
			isa = PBXVariantGroup;
			children = (
				DEC845191A96F19B006FBC34 /* Base */,
			);
			name = LaunchScreen.xib;
			sourceTree = "<group>";
		};
/* End PBXVariantGroup section */

/* Begin XCBuildConfiguration section */
		DEC845271A96F19C006FBC34 /* Debug */ = {
			isa = XCBuildConfiguration;
			buildSettings = {
				ALWAYS_SEARCH_USER_PATHS = NO;
				CLANG_CXX_LANGUAGE_STANDARD = "gnu++0x";
				CLANG_CXX_LIBRARY = "libc++";
				CLANG_ENABLE_MODULES = YES;
				CLANG_ENABLE_OBJC_ARC = YES;
				CLANG_WARN_BOOL_CONVERSION = YES;
				CLANG_WARN_CONSTANT_CONVERSION = YES;
				CLANG_WARN_DIRECT_OBJC_ISA_USAGE = YES_ERROR;
				CLANG_WARN_EMPTY_BODY = YES;
				CLANG_WARN_ENUM_CONVERSION = YES;
				CLANG_WARN_INT_CONVERSION = YES;
				CLANG_WARN_OBJC_ROOT_CLASS = YES_ERROR;
				CLANG_WARN_UNREACHABLE_CODE = YES;
				CLANG_WARN__DUPLICATE_METHOD_MATCH = YES;
				"CODE_SIGN_IDENTITY[sdk=iphoneos*]" = "iPhone Developer";
				COPY_PHASE_STRIP = NO;
				ENABLE_STRICT_OBJC_MSGSEND = YES;
				GCC_C_LANGUAGE_STANDARD = gnu99;
				GCC_DYNAMIC_NO_PIC = NO;
				GCC_OPTIMIZATION_LEVEL = 0;
				GCC_PREPROCESSOR_DEFINITIONS = (
					"DEBUG=1",
					"$(inherited)",
				);
				GCC_SYMBOLS_PRIVATE_EXTERN = NO;
				GCC_WARN_64_TO_32_BIT_CONVERSION = YES;
				GCC_WARN_ABOUT_RETURN_TYPE = YES_ERROR;
				GCC_WARN_UNDECLARED_SELECTOR = YES;
				GCC_WARN_UNINITIALIZED_AUTOS = YES_AGGRESSIVE;
				GCC_WARN_UNUSED_FUNCTION = YES;
				GCC_WARN_UNUSED_VARIABLE = YES;
				IPHONEOS_DEPLOYMENT_TARGET = 8.0;
				MTL_ENABLE_DEBUG_INFO = YES;
				ONLY_ACTIVE_ARCH = YES;
				SDKROOT = iphoneos;
				SWIFT_OPTIMIZATION_LEVEL = "-Onone";
				TARGETED_DEVICE_FAMILY = "1,2";
			};
			name = Debug;
		};
		DEC845281A96F19C006FBC34 /* Release */ = {
			isa = XCBuildConfiguration;
			buildSettings = {
				ALWAYS_SEARCH_USER_PATHS = NO;
				CLANG_CXX_LANGUAGE_STANDARD = "gnu++0x";
				CLANG_CXX_LIBRARY = "libc++";
				CLANG_ENABLE_MODULES = YES;
				CLANG_ENABLE_OBJC_ARC = YES;
				CLANG_WARN_BOOL_CONVERSION = YES;
				CLANG_WARN_CONSTANT_CONVERSION = YES;
				CLANG_WARN_DIRECT_OBJC_ISA_USAGE = YES_ERROR;
				CLANG_WARN_EMPTY_BODY = YES;
				CLANG_WARN_ENUM_CONVERSION = YES;
				CLANG_WARN_INT_CONVERSION = YES;
				CLANG_WARN_OBJC_ROOT_CLASS = YES_ERROR;
				CLANG_WARN_UNREACHABLE_CODE = YES;
				CLANG_WARN__DUPLICATE_METHOD_MATCH = YES;
				"CODE_SIGN_IDENTITY[sdk=iphoneos*]" = "iPhone Developer";
				COPY_PHASE_STRIP = YES;
				ENABLE_NS_ASSERTIONS = NO;
				ENABLE_STRICT_OBJC_MSGSEND = YES;
				GCC_C_LANGUAGE_STANDARD = gnu99;
				GCC_WARN_64_TO_32_BIT_CONVERSION = YES;
				GCC_WARN_ABOUT_RETURN_TYPE = YES_ERROR;
				GCC_WARN_UNDECLARED_SELECTOR = YES;
				GCC_WARN_UNINITIALIZED_AUTOS = YES_AGGRESSIVE;
				GCC_WARN_UNUSED_FUNCTION = YES;
				GCC_WARN_UNUSED_VARIABLE = YES;
				IPHONEOS_DEPLOYMENT_TARGET = 8.0;
				MTL_ENABLE_DEBUG_INFO = NO;
				SDKROOT = iphoneos;
				TARGETED_DEVICE_FAMILY = "1,2";
				VALIDATE_PRODUCT = YES;
			};
			name = Release;
		};
		DEC8452A1A96F19C006FBC34 /* Debug */ = {
			isa = XCBuildConfiguration;
			buildSettings = {
				ASSETCATALOG_COMPILER_APPICON_NAME = AppIcon;
				INFOPLIST_FILE = patterns/Info.plist;
				LD_RUNPATH_SEARCH_PATHS = "$(inherited) @executable_path/Frameworks";
				PRODUCT_NAME = "$(TARGET_NAME)";
			};
			name = Debug;
		};
		DEC8452B1A96F19C006FBC34 /* Release */ = {
			isa = XCBuildConfiguration;
			buildSettings = {
				ASSETCATALOG_COMPILER_APPICON_NAME = AppIcon;
				INFOPLIST_FILE = patterns/Info.plist;
				LD_RUNPATH_SEARCH_PATHS = "$(inherited) @executable_path/Frameworks";
				PRODUCT_NAME = "$(TARGET_NAME)";
			};
			name = Release;
		};
		DEC8452D1A96F19C006FBC34 /* Debug */ = {
			isa = XCBuildConfiguration;
			buildSettings = {
				BUNDLE_LOADER = "$(TEST_HOST)";
				FRAMEWORK_SEARCH_PATHS = (
					"$(SDKROOT)/Developer/Library/Frameworks",
					"$(inherited)",
				);
				GCC_PREPROCESSOR_DEFINITIONS = (
					"DEBUG=1",
					"$(inherited)",
				);
				INFOPLIST_FILE = patternsTests/Info.plist;
				LD_RUNPATH_SEARCH_PATHS = "$(inherited) @executable_path/Frameworks @loader_path/Frameworks";
				PRODUCT_NAME = "$(TARGET_NAME)";
				TEST_HOST = "$(BUILT_PRODUCTS_DIR)/patterns.app/patterns";
			};
			name = Debug;
		};
		DEC8452E1A96F19C006FBC34 /* Release */ = {
			isa = XCBuildConfiguration;
			buildSettings = {
				BUNDLE_LOADER = "$(TEST_HOST)";
				FRAMEWORK_SEARCH_PATHS = (
					"$(SDKROOT)/Developer/Library/Frameworks",
					"$(inherited)",
				);
				INFOPLIST_FILE = patternsTests/Info.plist;
				LD_RUNPATH_SEARCH_PATHS = "$(inherited) @executable_path/Frameworks @loader_path/Frameworks";
				PRODUCT_NAME = "$(TARGET_NAME)";
				TEST_HOST = "$(BUILT_PRODUCTS_DIR)/patterns.app/patterns";
			};
			name = Release;
		};
/* End XCBuildConfiguration section */

/* Begin XCConfigurationList section */
		DEC845021A96F19B006FBC34 /* Build configuration list for PBXProject "patterns" */ = {
			isa = XCConfigurationList;
			buildConfigurations = (
				DEC845271A96F19C006FBC34 /* Debug */,
				DEC845281A96F19C006FBC34 /* Release */,
			);
			defaultConfigurationIsVisible = 0;
			defaultConfigurationName = Release;
		};
		DEC845291A96F19C006FBC34 /* Build configuration list for PBXNativeTarget "patterns" */ = {
			isa = XCConfigurationList;
			buildConfigurations = (
				DEC8452A1A96F19C006FBC34 /* Debug */,
				DEC8452B1A96F19C006FBC34 /* Release */,
			);
			defaultConfigurationIsVisible = 0;
		};
		DEC8452C1A96F19C006FBC34 /* Build configuration list for PBXNativeTarget "patternsTests" */ = {
			isa = XCConfigurationList;
			buildConfigurations = (
				DEC8452D1A96F19C006FBC34 /* Debug */,
				DEC8452E1A96F19C006FBC34 /* Release */,
			);
			defaultConfigurationIsVisible = 0;
		};
/* End XCConfigurationList section */

/* Begin XCVersionGroup section */
		DEC8450E1A96F19B006FBC34 /* patterns.xcdatamodeld */ = {
			isa = XCVersionGroup;
			children = (
				DEC8450F1A96F19B006FBC34 /* patterns.xcdatamodel */,
			);
			currentVersion = DEC8450F1A96F19B006FBC34 /* patterns.xcdatamodel */;
			path = patterns.xcdatamodeld;
			sourceTree = "<group>";
			versionGroupType = wrapper.xcdatamodel;
		};
/* End XCVersionGroup section */
	};
	rootObject = DEC844FF1A96F19B006FBC34 /* Project object */;
}
